# THIS IS AN AUTOGENERATED FILE. DO NOT EDIT THIS FILE DIRECTLY.
# yarn lockfile v1


"@esbuild/darwin-arm64@0.25.12":
  version "0.25.12"
  resolved "https://registry.npmjs.org/@esbuild/darwin-arm64/-/darwin-arm64-0.25.12.tgz"
  integrity sha512-N3zl+lxHCifgIlcMUP5016ESkeQjLj/959RxxNYIthIg+CQHInujFuXeWbWMgnTo4cp5XVHqFPmpyu9J65C1Yg==

"@rolldown/pluginutils@1.0.0-rc.7":
  version "1.0.0-rc.7"
  resolved "https://registry.npmjs.org/@rolldown/pluginutils/-/pluginutils-1.0.0-rc.7.tgz"
  integrity sha512-qujRfC8sFVInYSPPMLQByRh7zhwkGFS4+tyMQ83srV1qrxL4g8E2tyxVVyxd0+8QeBM1mIk9KbWxkegRr76XzA==

"@rollup/rollup-darwin-arm64@4.60.0":
  version "4.60.0"
  resolved "https://registry.npmjs.org/@rollup/rollup-darwin-arm64/-/rollup-darwin-arm64-4.60.0.tgz"
  integrity sha512-qEF7CsKKzSRc20Ciu2Zw1wRrBz4g56F7r/vRwY430UPp/nt1x21Q/fpJ9N5l47WWvJlkNCPJz3QRVw008fi7yA==

"@swc/core-darwin-arm64@1.15.21":
  version "1.15.21"
  resolved "https://registry.npmjs.org/@swc/core-darwin-arm64/-/core-darwin-arm64-1.15.21.tgz"
  integrity sha512-SA8SFg9dp0qKRH8goWsax6bptFE2EdmPf2YRAQW9WoHGf3XKM1bX0nd5UdwxmC5hXsBUZAYf7xSciCler6/oyA==

"@swc/core@^1.15.11":
  version "1.15.21"
  resolved "https://registry.npmjs.org/@swc/core/-/core-1.15.21.tgz"
  integrity sha512-fkk7NJcBscrR3/F8jiqlMptRHP650NxqDnspBMrRe5d8xOoCy9MLL5kOBLFXjFLfMo3KQQHhk+/jUULOMlR1uQ==
  dependencies:
    "@swc/counter" "^0.1.3"
    "@swc/types" "^0.1.25"
  optionalDependencies:
    "@swc/core-darwin-arm64" "1.15.21"
    "@swc/core-darwin-x64" "1.15.21"
    "@swc/core-linux-arm-gnueabihf" "1.15.21"
    "@swc/core-linux-arm64-gnu" "1.15.21"
    "@swc/core-linux-arm64-musl" "1.15.21"
    "@swc/core-linux-ppc64-gnu" "1.15.21"
    "@swc/core-linux-s390x-gnu" "1.15.21"
    "@swc/core-linux-x64-gnu" "1.15.21"
    "@swc/core-linux-x64-musl" "1.15.21"
    "@swc/core-win32-arm64-msvc" "1.15.21"
    "@swc/core-win32-ia32-msvc" "1.15.21"
    "@swc/core-win32-x64-msvc" "1.15.21"

"@swc/counter@^0.1.3":
  version "0.1.3"
  resolved "https://registry.npmjs.org/@swc/counter/-/counter-0.1.3.tgz"
  integrity sha512-e2BR4lsJkkRlKZ/qCHPw9ZaSxc0MVUd7gtbtaB7aMvHeJVYe8sOB8DBZkP2DtISHGSku9sCK6T6cnY0CtXrOCQ==

"@swc/types@^0.1.25":
  version "0.1.26"
  resolved "https://registry.npmjs.org/@swc/types/-/types-0.1.26.tgz"
  integrity sha512-lyMwd7WGgG79RS7EERZV3T8wMdmPq3xwyg+1nmAM64kIhx5yl+juO2PYIHb7vTiPgPCj8LYjsNV2T5wiQHUEaw==
  dependencies:
    "@swc/counter" "^0.1.3"

"@types/estree@1.0.8":
  version "1.0.8"
  resolved "https://registry.npmjs.org/@types/estree/-/estree-1.0.8.tgz"
  integrity sha512-dWHzHa2WqEXI/O1E9OjrocMTKJl2mSrEolh1Iomrv6U+JuNwaHXsXx9bLu5gG7BUWFIN0skIQJQ/L1rIex4X6w==

"@types/highlight.js@9.12.2":
  version "9.12.2"
  resolved "https://registry.npmjs.org/@types/highlight.js/-/highlight.js-9.12.2.tgz"
  integrity sha512-y5x0XD/WXDaGSyiTaTcKS4FurULJtSiYbGTeQd0m2LYZGBcZZ/7fM6t5H/DzeUF+kv8y6UfmF6yJABQsHcp9VQ==

"@types/prismjs@1.26.0":
  version "1.26.0"
  resolved "https://registry.npmjs.org/@types/prismjs/-/prismjs-1.26.0.tgz"
  integrity sha512-ZTaqn/qSqUuAq1YwvOFQfVW1AR/oQJlLSZVustdjwI+GZ8kr0MSHBj0tsXPW1EqHubx50gtBEjbPGsdZwQwCjQ==

"@types/react-dom@^19.0.0":
  version "19.2.3"
  resolved "https://registry.npmjs.org/@types/react-dom/-/react-dom-19.2.3.tgz"
  integrity sha512-jp2L/eY6fn+KgVVQAOqYItbF0VY/YApe5Mz2F0aykSO8gx31bYCZyvSeYxCHKvzHG5eZjc+zyaS5BrBWya2+kQ==

"@types/react@^19.0.0", "@types/react@^19.2.0":
  version "19.2.14"
  resolved "https://registry.npmjs.org/@types/react/-/react-19.2.14.tgz"
  integrity sha512-ilcTH/UniCkMdtexkoCN0bI7pMcJDvmQFPvuPvmEaYA/NSfFTAgdUSLAoVjaRJm7+6PvcM+q1zYOwS4wTYMF9w==
  dependencies:
    csstype "^3.2.2"

"@vitejs/plugin-react-swc@^4.0.0":
  version "4.3.0"
  resolved "https://registry.npmjs.org/@vitejs/plugin-react-swc/-/plugin-react-swc-4.3.0.tgz"
  integrity sha512-mOkXCII839dHyAt/gpoSlm28JIVDwhZ6tnG6wJxUy2bmOx7UaPjvOyIDf3SFv5s7Eo7HVaq6kRcu6YMEzt5Z7w==
  dependencies:
    "@rolldown/pluginutils" "1.0.0-rc.7"
    "@swc/core" "^1.15.11"

csstype@^3.2.2:
  version "3.2.3"
  resolved "https://registry.npmjs.org/csstype/-/csstype-3.2.3.tgz"
  integrity sha512-z1HGKcYy2xA8AGQfwrn0PAy+PB7X/GSj3UVJW9qKyn43xWa+gl5nXmU4qqLMRzWVLFC8KusUX8T/0kCiOYpAIQ==

esbuild@^0.25.0:
  version "0.25.12"
  resolved "https://registry.npmjs.org/esbuild/-/esbuild-0.25.12.tgz"
  integrity sha512-bbPBYYrtZbkt6Os6FiTLCTFxvq4tt3JKall1vRwshA3fdVztsLAatFaZobhkBC8/BrPetoa0oksYoKXoG4ryJg==
  optionalDependencies:
    "@esbuild/aix-ppc64" "0.25.12"
    "@esbuild/android-arm" "0.25.12"
    "@esbuild/android-arm64" "0.25.12"
    "@esbuild/android-x64" "0.25.12"
    "@esbuild/darwin-arm64" "0.25.12"
    "@esbuild/darwin-x64" "0.25.12"
    "@esbuild/freebsd-arm64" "0.25.12"
    "@esbuild/freebsd-x64" "0.25.12"
    "@esbuild/linux-arm" "0.25.12"
    "@esbuild/linux-arm64" "0.25.12"
    "@esbuild/linux-ia32" "0.25.12"
    "@esbuild/linux-loong64" "0.25.12"
    "@esbuild/linux-mips64el" "0.25.12"
    "@esbuild/linux-ppc64" "0.25.12"
    "@esbuild/linux-riscv64" "0.25.12"
    "@esbuild/linux-s390x" "0.25.12"
    "@esbuild/linux-x64" "0.25.12"
    "@esbuild/netbsd-arm64" "0.25.12"
    "@esbuild/netbsd-x64" "0.25.12"
    "@esbuild/openbsd-arm64" "0.25.12"
    "@esbuild/openbsd-x64" "0.25.12"
    "@esbuild/openharmony-arm64" "0.25.12"
    "@esbuild/sunos-x64" "0.25.12"
    "@esbuild/win32-arm64" "0.25.12"
    "@esbuild/win32-ia32" "0.25.12"
    "@esbuild/win32-x64" "0.25.12"

fdir@^6.4.4, fdir@^6.5.0:
  version "6.5.0"
  resolved "https://registry.npmjs.org/fdir/-/fdir-6.5.0.tgz"
  integrity sha512-tIbYtZbucOs0BRGqPJkshJUYdL+SDH7dVM8gjy+ERp3WAUjLEFJE+02kanyHtwjWOnwrKYBiwAmM0p4kLJAnXg==

highlight.js@^11.7.0:
  version "11.7.0"
  resolved "https://registry.npmjs.org/highlight.js/-/highlight.js-11.7.0.tgz"
  integrity sha512-1rRqesRFhMO/PRF+G86evnyJkCgaZFOI+Z6kdj15TA18funfoqJXvgPCLSf0SWq3SRfg1j3HlDs8o4s3EGq1oQ==

nanoid@^3.3.11:
  version "3.3.11"
  resolved "https://registry.npmjs.org/nanoid/-/nanoid-3.3.11.tgz"
  integrity sha512-N8SpfPUnUp1bK+PMYW8qSWdl9U+wwNWI4QKxOYDy9JAro3WMX7p2OeVRF9v+347pnakNevPmiHhNmZ2HbFA76w==

picocolors@^1.1.1:
  version "1.1.1"
  resolved "https://registry.npmjs.org/picocolors/-/picocolors-1.1.1.tgz"
  integrity sha512-xceH2snhtb5M9liqDsmEw56le376mTZkEX/jEb/RxNFyegNul7eNslCXP9FDj/Lcu0X8KEyMceP2ntpaHrDEVA==

"picomatch@^3 || ^4", picomatch@^4.0.2, picomatch@^4.0.3:
  version "4.0.4"
  resolved "https://registry.npmjs.org/picomatch/-/picomatch-4.0.4.tgz"
  integrity sha512-QP88BAKvMam/3NxH6vj2o21R6MjxZUAd6nlwAS/pnGvN9IVLocLHxGYIzFhg6fUQ+5th6P4dv4eW9jX3DSIj7A==

postcss@^8.5.3:
  version "8.5.8"
  resolved "https://registry.npmjs.org/postcss/-/postcss-8.5.8.tgz"
  integrity sha512-OW/rX8O/jXnm82Ey1k44pObPtdblfiuWnrd8X7GJ7emImCOstunGbXUpp7HdBrFQX6rJzn3sPT397Wp5aCwCHg==
  dependencies:
    nanoid "^3.3.11"
    picocolors "^1.1.1"
    source-map-js "^1.2.1"

prettier@^3.0.0:
  version "3.8.1"
  resolved "https://registry.npmjs.org/prettier/-/prettier-3.8.1.tgz"
  integrity sha512-UOnG6LftzbdaHZcKoPFtOcCKztrQ57WkHDeRD9t/PTQtmT0NHSeWWepj6pS0z/N7+08BHFDQVUrfmfMRcZwbMg==

prismjs@^1.29.0:
  version "1.29.0"
  resolved "https://registry.npmjs.org/prismjs/-/prismjs-1.29.0.tgz"
  integrity sha512-Kx/1w86q/epKcmte75LNrEoT+lX8pBpavuAbvJWRXar7Hz8jrtF+e3vY751p0R8H9HdArwaCTNDDzHg/ScJK1Q==

react-dom@^19.0.0:
  version "19.2.4"
  resolved "https://registry.npmjs.org/react-dom/-/react-dom-19.2.4.tgz"
  integrity sha512-AXJdLo8kgMbimY95O2aKQqsz2iWi9jMgKJhRBAxECE4IFxfcazB2LmzloIoibJI3C12IlY20+KFaLv+71bUJeQ==
  dependencies:
    scheduler "^0.27.0"

react@^19.0.0, react@^19.2.4:
  version "19.2.4"
  resolved "https://registry.npmjs.org/react/-/react-19.2.4.tgz"
  integrity sha512-9nfp2hYpCwOjAN+8TZFGhtWEwgvWHXqESH8qT89AT/lWklpLON22Lc8pEtnpsZz7VmawabSU0gCjnj8aC0euHQ==

rollup@^4.34.9:
  version "4.60.0"
  resolved "https://registry.npmjs.org/rollup/-/rollup-4.60.0.tgz"
  integrity sha512-yqjxruMGBQJ2gG4HtjZtAfXArHomazDHoFwFFmZZl0r7Pdo7qCIXKqKHZc8yeoMgzJJ+pO6pEEHa+V7uzWlrAQ==
  dependencies:
    "@types/estree" "1.0.8"
  optionalDependencies:
    "@rollup/rollup-android-arm-eabi" "4.60.0"
    "@rollup/rollup-android-arm64" "4.60.0"
    "@rollup/rollup-darwin-arm64" "4.60.0"
    "@rollup/rollup-darwin-x64" "4.60.0"
    "@rollup/rollup-freebsd-arm64" "4.60.0"
    "@rollup/rollup-freebsd-x64" "4.60.0"
    "@rollup/rollup-linux-arm-gnueabihf" "4.60.0"
    "@rollup/rollup-linux-arm-musleabihf" "4.60.0"
    "@rollup/rollup-linux-arm64-gnu" "4.60.0"
    "@rollup/rollup-linux-arm64-musl" "4.60.0"
    "@rollup/rollup-linux-loong64-gnu" "4.60.0"
    "@rollup/rollup-linux-loong64-musl" "4.60.0"
    "@rollup/rollup-linux-ppc64-gnu" "4.60.0"
    "@rollup/rollup-linux-ppc64-musl" "4.60.0"
    "@rollup/rollup-linux-riscv64-gnu" "4.60.0"
    "@rollup/rollup-linux-riscv64-musl" "4.60.0"
    "@rollup/rollup-linux-s390x-gnu" "4.60.0"
    "@rollup/rollup-linux-x64-gnu" "4.60.0"
    "@rollup/rollup-linux-x64-musl" "4.60.0"
    "@rollup/rollup-openbsd-x64" "4.60.0"
    "@rollup/rollup-openharmony-arm64" "4.60.0"
    "@rollup/rollup-win32-arm64-msvc" "4.60.0"
    "@rollup/rollup-win32-ia32-msvc" "4.60.0"
    "@rollup/rollup-win32-x64-gnu" "4.60.0"
    "@rollup/rollup-win32-x64-msvc" "4.60.0"
    fsevents "~2.3.2"

scheduler@^0.27.0:
  version "0.27.0"
  resolved "https://registry.npmjs.org/scheduler/-/scheduler-0.27.0.tgz"
  integrity sha512-eNv+WrVbKu1f3vbYJT/xtiF5syA5HPIMtf9IgY/nKg0sWqzAUEvqY/xm7OcZc/qafLx/iO9FgOmeSAp4v5ti/Q==

source-map-js@^1.2.1:
  version "1.2.1"
  resolved "https://registry.npmjs.org/source-map-js/-/source-map-js-1.2.1.tgz"
  integrity sha512-UXWMKhLOwVKb728IUtQPXxfYU+usdybtUrK/8uGE8CQMvrhOpwvzDBwj0QhSL7MQc7vIsISBG8VQ8+IDQxpfQA==

tinyglobby@^0.2.13:
  version "0.2.15"
  resolved "https://registry.npmjs.org/tinyglobby/-/tinyglobby-0.2.15.tgz"
  integrity sha512-j2Zq4NyQYG5XMST4cbs02Ak8iJUdxRM0XI5QyxXuZOzKOINmWurp3smXu3y5wDcJrptwpSjgXHzIQxR0omXljQ==
  dependencies:
    fdir "^6.5.0"
    picomatch "^4.0.3"

typescript@^5.5.0:
  version "5.9.3"
  resolved "https://registry.npmjs.org/typescript/-/typescript-5.9.3.tgz"
  integrity sha512-jl1vZzPDinLr9eUt3J/t7V6FgNEw9QjvBPdysz9KfQDD41fQrC2Y4vKQdiaUpFT4bXlb1RHhLpp8wtm6M5TgSw==

"vite@^4 || ^5 || ^6 || ^7 || ^8", vite@^6.0.0:
  version "6.4.1"
  resolved "https://registry.npmjs.org/vite/-/vite-6.4.1.tgz"
  integrity sha512-+Oxm7q9hDoLMyJOYfUYBuHQo+dkAloi33apOPP56pzj+vsdJDzr+j1NISE5pyaAuKL4A3UD34qd0lx5+kfKp2g==
  dependencies:
    esbuild "^0.25.0"
    fdir "^6.4.4"
    picomatch "^4.0.2"
    postcss "^8.5.3"
    rollup "^4.34.9"
    tinyglobby "^0.2.13"
  optionalDependencies:
    fsevents "~2.3.3"
